
Microsoft Visual Studio Solution File, Format Version 12.00
# Visual Studio Version 17
VisualStudioVersion = 17.6.33723.286
MinimumVisualStudioVersion = 10.0.40219.1
Project("{FAE04EC0-301F-11D3-BF4B-00C04F79EFBC}") = "ALGORITHM_BILAN_SHUGULLANUSH", "ALGORITHM_BILAN_SHUGULLANUSH\ALGORITHM_BILAN_SHUGULLANUSH.csproj", "{A9863BFE-FC13-4EF8-9BE6-E5FB7C6255C6}"
EndProject
Global
	GlobalSection(SolutionConfigurationPlatforms) = preSolution
		Debug|Any CPU = Debug|Any CPU
		Release|Any CPU = Release|Any CPU
	EndGlobalSection
	GlobalSection(ProjectConfigurationPlatforms) = postSolution
		{A9863BFE-FC13-4EF8-9BE6-E5FB7C6255C6}.Debug|Any CPU.ActiveCfg = Debug|Any CPU
		{A9863BFE-FC13-4EF8-9BE6-E5FB7C6255C6}.Debug|Any CPU.Build.0 = Debug|Any CPU
		{A9863BFE-FC13-4EF8-9BE6-E5FB7C6255C6}.Release|Any CPU.ActiveCfg = Release|Any CPU
		{A9863BFE-FC13-4EF8-9BE6-E5FB7C6255C6}.Release|Any CPU.Build.0 = Release|Any CPU
	EndGlobalSection
	GlobalSection(SolutionProperties) = preSolution
		HideSolutionNode = FALSE
	EndGlobalSection
	GlobalSection(ExtensibilityGlobals) = postSolution
		SolutionGuid = {55242133-7F66-4C7B-9C13-4240EE0BA39D}
	EndGlobalSection
EndGlobal
